
Microsoft Visual Studio Solution File, Format Version 12.00
Project("{FAE04EC0-301F-11D3-BF4B-00C04F79EFBC}") = "FortgeschritteneSchleifenAufgaben", "FortgeschritteneSchleifenAufgaben\FortgeschritteneSchleifenAufgaben.csproj", "{53A3B79E-8422-4060-A942-C0A94B55E280}"
EndProject
Global
	GlobalSection(SolutionConfigurationPlatforms) = preSolution
		Debug|Any CPU = Debug|Any CPU
		Release|Any CPU = Release|Any CPU
	EndGlobalSection
	GlobalSection(ProjectConfigurationPlatforms) = postSolution
		{53A3B79E-8422-4060-A942-C0A94B55E280}.Debug|Any CPU.ActiveCfg = Debug|Any CPU
		{53A3B79E-8422-4060-A942-C0A94B55E280}.Debug|Any CPU.Build.0 = Debug|Any CPU
		{53A3B79E-8422-4060-A942-C0A94B55E280}.Release|Any CPU.ActiveCfg = Release|Any CPU
		{53A3B79E-8422-4060-A942-C0A94B55E280}.Release|Any CPU.Build.0 = Release|Any CPU
	EndGlobalSection
EndGlobal
