
Microsoft Visual Studio Solution File, Format Version 12.00
Project("{FAE04EC0-301F-11D3-BF4B-00C04F79EFBC}") = "Loesungen", "Loesungen\Loesungen.csproj", "{09676C1F-0AD6-4FF3-BADD-E672D63F7900}"
EndProject
Global
	GlobalSection(SolutionConfigurationPlatforms) = preSolution
		Debug|Any CPU = Debug|Any CPU
		Release|Any CPU = Release|Any CPU
	EndGlobalSection
	GlobalSection(ProjectConfigurationPlatforms) = postSolution
		{09676C1F-0AD6-4FF3-BADD-E672D63F7900}.Debug|Any CPU.ActiveCfg = Debug|Any CPU
		{09676C1F-0AD6-4FF3-BADD-E672D63F7900}.Debug|Any CPU.Build.0 = Debug|Any CPU
		{09676C1F-0AD6-4FF3-BADD-E672D63F7900}.Release|Any CPU.ActiveCfg = Release|Any CPU
		{09676C1F-0AD6-4FF3-BADD-E672D63F7900}.Release|Any CPU.Build.0 = Release|Any CPU
	EndGlobalSection
EndGlobal
